
Microsoft Visual Studio Solution File, Format Version 12.00
# Visual Studio Version 17
VisualStudioVersion = 17.13.35913.81 d17.13
MinimumVisualStudioVersion = 10.0.40219.1
Project("{FAE04EC0-301F-11D3-BF4B-00C04F79EFBC}") = "CRUD", "CRUD\CRUD.csproj", "{654E27C9-9E2B-4085-A1C8-2FD534F0D1AD}"
EndProject
Global
	GlobalSection(SolutionConfigurationPlatforms) = preSolution
		Debug|Any CPU = Debug|Any CPU
		Release|Any CPU = Release|Any CPU
	EndGlobalSection
	GlobalSection(ProjectConfigurationPlatforms) = postSolution
		{654E27C9-9E2B-4085-A1C8-2FD534F0D1AD}.Debug|Any CPU.ActiveCfg = Debug|Any CPU
		{654E27C9-9E2B-4085-A1C8-2FD534F0D1AD}.Debug|Any CPU.Build.0 = Debug|Any CPU
		{654E27C9-9E2B-4085-A1C8-2FD534F0D1AD}.Release|Any CPU.ActiveCfg = Release|Any CPU
		{654E27C9-9E2B-4085-A1C8-2FD534F0D1AD}.Release|Any CPU.Build.0 = Release|Any CPU
	EndGlobalSection
	GlobalSection(SolutionProperties) = preSolution
		HideSolutionNode = FALSE
	EndGlobalSection
	GlobalSection(ExtensibilityGlobals) = postSolution
		SolutionGuid = {ABFE50FA-3E1C-4CC9-83E4-A4C0722940B5}
	EndGlobalSection
EndGlobal
