
Microsoft Visual Studio Solution File, Format Version 12.00
# Visual Studio Version 17
VisualStudioVersion = 17.13.35913.81 d17.13
MinimumVisualStudioVersion = 10.0.40219.1
Project("{FAE04EC0-301F-11D3-BF4B-00C04F79EFBC}") = "Ass4A_T-ShirtOrdering", "Ass4A_T-ShirtOrdering\Ass4A_T-ShirtOrdering.csproj", "{2965C361-1FD2-4CF0-BF52-CEACD14963A8}"
EndProject
Global
	GlobalSection(SolutionConfigurationPlatforms) = preSolution
		Debug|Any CPU = Debug|Any CPU
		Release|Any CPU = Release|Any CPU
	EndGlobalSection
	GlobalSection(ProjectConfigurationPlatforms) = postSolution
		{2965C361-1FD2-4CF0-BF52-CEACD14963A8}.Debug|Any CPU.ActiveCfg = Debug|Any CPU
		{2965C361-1FD2-4CF0-BF52-CEACD14963A8}.Debug|Any CPU.Build.0 = Debug|Any CPU
		{2965C361-1FD2-4CF0-BF52-CEACD14963A8}.Release|Any CPU.ActiveCfg = Release|Any CPU
		{2965C361-1FD2-4CF0-BF52-CEACD14963A8}.Release|Any CPU.Build.0 = Release|Any CPU
	EndGlobalSection
	GlobalSection(SolutionProperties) = preSolution
		HideSolutionNode = FALSE
	EndGlobalSection
	GlobalSection(ExtensibilityGlobals) = postSolution
		SolutionGuid = {77C8692E-1B41-4368-A242-8AC6A342ADC7}
	EndGlobalSection
EndGlobal
